
Microsoft Visual Studio Solution File, Format Version 12.00
# Visual Studio Version 17
VisualStudioVersion = 17.14.36310.24
MinimumVisualStudioVersion = 10.0.40219.1
Project("{8BC9CEB8-8B4A-11D0-8D11-00A0C91BC942}") = "Program", "Program.vcxproj", "{7B617914-74DA-4408-B23C-B8CD6FC78FCD}"
EndProject
Project("{8BC9CEB8-8B4A-11D0-8D11-00A0C91BC942}") = "Class01th Time Complexity & Space Complexity (시간, 공간 복잡도)", "..\Class01th Time Complexity & Space Complexity (시간, 공간 복잡도)\Class01th Time Complexity & Space Complexity (시간, 공간 복잡도).vcxproj", "{FFDF4393-09E8-44F3-8042-94C407180444}"
EndProject
Project("{8BC9CEB8-8B4A-11D0-8D11-00A0C91BC942}") = "Class02th Brute Force (브루토 포스)", "..\Class02th Brute Force (브루토 포스)\Class02th Brute Force (브루토 포스).vcxproj", "{1769BDE5-AD57-4FC7-94D9-666FF5107458}"
EndProject
Project("{8BC9CEB8-8B4A-11D0-8D11-00A0C91BC942}") = "Class03th Bubble Sort (버블 정렬)", "..\Class03th Bubble Sort (버블 정렬)\Class03th Bubble Sort (버블 정렬).vcxproj", "{AE2C6365-31DD-4289-B725-11B39560163C}"
EndProject
Project("{8BC9CEB8-8B4A-11D0-8D11-00A0C91BC942}") = "Class04th Select Sort (선택 정렬)", "..\Class04th Select Sort (선택 정렬)\Class04th Select Sort (선택 정렬).vcxproj", "{4E1B9329-1AAD-49E0-83BA-C552EC1D9CF8}"
EndProject
Project("{8BC9CEB8-8B4A-11D0-8D11-00A0C91BC942}") = "Class05th Insert Sort (삽입 정렬)", "..\Class05th Insert Sort (선택 정렬)\Class05th Insert Sort (선택 정렬).vcxproj", "{1DB801DF-0A04-4229-A275-2DBAB24CA12E}"
EndProject
Project("{8BC9CEB8-8B4A-11D0-8D11-00A0C91BC942}") = "Class06th Euclidean (유클리드 호제법)", "..\Class06th Euclidean (유클리드 호제법)\Class06th Euclidean (유클리드 호제법).vcxproj", "{49F2ADC4-74D8-4038-912E-3EAD130777AA}"
EndProject
Project("{8BC9CEB8-8B4A-11D0-8D11-00A0C91BC942}") = "Class07th Sieve of Eratosthenes (에라토스테네스의 체)", "..\Class07th Sieve of Eratosthenes (에라토스테네스의 체)\Class07th Sieve of Eratosthenes (에라토스테네스의 체).vcxproj", "{C0AEA327-064D-47FB-A982-DFFA24BB021B}"
EndProject
Project("{8BC9CEB8-8B4A-11D0-8D11-00A0C91BC942}") = "Class08th Divide and Conquer (분할 정복)", "..\Class08th Divide and Conquer (분할 정복)\Class08th Divide and Conquer (분할 정복).vcxproj", "{7C7E2263-BB90-4B40-AFB8-8E97340874E2}"
EndProject
Project("{8BC9CEB8-8B4A-11D0-8D11-00A0C91BC942}") = "Class09th Binary Search (이분 탐색)", "..\Class09th Binary Search (이분 탐색)\Class09th Binary Search (이분 탐색).vcxproj", "{66CD5CB9-6C4E-4465-8CC1-2C0523DCDE65}"
EndProject
Project("{8BC9CEB8-8B4A-11D0-8D11-00A0C91BC942}") = "Class10th Count Sort (계수 정렬)", "..\Class10th Count Sort (계수 정렬)\Class10th Count Sort (계수 정렬).vcxproj", "{8553D1E9-3DA8-490A-AFE8-3D05037B86A2}"
EndProject
Project("{8BC9CEB8-8B4A-11D0-8D11-00A0C91BC942}") = "Class11th Quick Sort (퀵 정렬)", "..\Class11th Quick Sort (퀵 정렬)\Class11th Quick Sort (퀵 정렬).vcxproj", "{A82B8156-A8CB-485C-B753-8EABA736F784}"
EndProject
Global
	GlobalSection(SolutionConfigurationPlatforms) = preSolution
		Debug|x64 = Debug|x64
		Debug|x86 = Debug|x86
		Release|x64 = Release|x64
		Release|x86 = Release|x86
	EndGlobalSection
	GlobalSection(ProjectConfigurationPlatforms) = postSolution
		{7B617914-74DA-4408-B23C-B8CD6FC78FCD}.Debug|x64.ActiveCfg = Debug|x64
		{7B617914-74DA-4408-B23C-B8CD6FC78FCD}.Debug|x64.Build.0 = Debug|x64
		{7B617914-74DA-4408-B23C-B8CD6FC78FCD}.Debug|x86.ActiveCfg = Debug|Win32
		{7B617914-74DA-4408-B23C-B8CD6FC78FCD}.Debug|x86.Build.0 = Debug|Win32
		{7B617914-74DA-4408-B23C-B8CD6FC78FCD}.Release|x64.ActiveCfg = Release|x64
		{7B617914-74DA-4408-B23C-B8CD6FC78FCD}.Release|x64.Build.0 = Release|x64
		{7B617914-74DA-4408-B23C-B8CD6FC78FCD}.Release|x86.ActiveCfg = Release|Win32
		{7B617914-74DA-4408-B23C-B8CD6FC78FCD}.Release|x86.Build.0 = Release|Win32
		{FFDF4393-09E8-44F3-8042-94C407180444}.Debug|x64.ActiveCfg = Debug|x64
		{FFDF4393-09E8-44F3-8042-94C407180444}.Debug|x64.Build.0 = Debug|x64
		{FFDF4393-09E8-44F3-8042-94C407180444}.Debug|x86.ActiveCfg = Debug|Win32
		{FFDF4393-09E8-44F3-8042-94C407180444}.Debug|x86.Build.0 = Debug|Win32
		{FFDF4393-09E8-44F3-8042-94C407180444}.Release|x64.ActiveCfg = Release|x64
		{FFDF4393-09E8-44F3-8042-94C407180444}.Release|x64.Build.0 = Release|x64
		{FFDF4393-09E8-44F3-8042-94C407180444}.Release|x86.ActiveCfg = Release|Win32
		{FFDF4393-09E8-44F3-8042-94C407180444}.Release|x86.Build.0 = Release|Win32
		{1769BDE5-AD57-4FC7-94D9-666FF5107458}.Debug|x64.ActiveCfg = Debug|x64
		{1769BDE5-AD57-4FC7-94D9-666FF5107458}.Debug|x64.Build.0 = Debug|x64
		{1769BDE5-AD57-4FC7-94D9-666FF5107458}.Debug|x86.ActiveCfg = Debug|Win32
		{1769BDE5-AD57-4FC7-94D9-666FF5107458}.Debug|x86.Build.0 = Debug|Win32
		{1769BDE5-AD57-4FC7-94D9-666FF5107458}.Release|x64.ActiveCfg = Release|x64
		{1769BDE5-AD57-4FC7-94D9-666FF5107458}.Release|x64.Build.0 = Release|x64
		{1769BDE5-AD57-4FC7-94D9-666FF5107458}.Release|x86.ActiveCfg = Release|Win32
		{1769BDE5-AD57-4FC7-94D9-666FF5107458}.Release|x86.Build.0 = Release|Win32
		{AE2C6365-31DD-4289-B725-11B39560163C}.Debug|x64.ActiveCfg = Debug|x64
		{AE2C6365-31DD-4289-B725-11B39560163C}.Debug|x64.Build.0 = Debug|x64
		{AE2C6365-31DD-4289-B725-11B39560163C}.Debug|x86.ActiveCfg = Debug|Win32
		{AE2C6365-31DD-4289-B725-11B39560163C}.Debug|x86.Build.0 = Debug|Win32
		{AE2C6365-31DD-4289-B725-11B39560163C}.Release|x64.ActiveCfg = Release|x64
		{AE2C6365-31DD-4289-B725-11B39560163C}.Release|x64.Build.0 = Release|x64
		{AE2C6365-31DD-4289-B725-11B39560163C}.Release|x86.ActiveCfg = Release|Win32
		{AE2C6365-31DD-4289-B725-11B39560163C}.Release|x86.Build.0 = Release|Win32
		{4E1B9329-1AAD-49E0-83BA-C552EC1D9CF8}.Debug|x64.ActiveCfg = Debug|x64
		{4E1B9329-1AAD-49E0-83BA-C552EC1D9CF8}.Debug|x64.Build.0 = Debug|x64
		{4E1B9329-1AAD-49E0-83BA-C552EC1D9CF8}.Debug|x86.ActiveCfg = Debug|Win32
		{4E1B9329-1AAD-49E0-83BA-C552EC1D9CF8}.Debug|x86.Build.0 = Debug|Win32
		{4E1B9329-1AAD-49E0-83BA-C552EC1D9CF8}.Release|x64.ActiveCfg = Release|x64
		{4E1B9329-1AAD-49E0-83BA-C552EC1D9CF8}.Release|x64.Build.0 = Release|x64
		{4E1B9329-1AAD-49E0-83BA-C552EC1D9CF8}.Release|x86.ActiveCfg = Release|Win32
		{4E1B9329-1AAD-49E0-83BA-C552EC1D9CF8}.Release|x86.Build.0 = Release|Win32
		{1DB801DF-0A04-4229-A275-2DBAB24CA12E}.Debug|x64.ActiveCfg = Debug|x64
		{1DB801DF-0A04-4229-A275-2DBAB24CA12E}.Debug|x64.Build.0 = Debug|x64
		{1DB801DF-0A04-4229-A275-2DBAB24CA12E}.Debug|x86.ActiveCfg = Debug|Win32
		{1DB801DF-0A04-4229-A275-2DBAB24CA12E}.Debug|x86.Build.0 = Debug|Win32
		{1DB801DF-0A04-4229-A275-2DBAB24CA12E}.Release|x64.ActiveCfg = Release|x64
		{1DB801DF-0A04-4229-A275-2DBAB24CA12E}.Release|x64.Build.0 = Release|x64
		{1DB801DF-0A04-4229-A275-2DBAB24CA12E}.Release|x86.ActiveCfg = Release|Win32
		{1DB801DF-0A04-4229-A275-2DBAB24CA12E}.Release|x86.Build.0 = Release|Win32
		{49F2ADC4-74D8-4038-912E-3EAD130777AA}.Debug|x64.ActiveCfg = Debug|x64
		{49F2ADC4-74D8-4038-912E-3EAD130777AA}.Debug|x64.Build.0 = Debug|x64
		{49F2ADC4-74D8-4038-912E-3EAD130777AA}.Debug|x86.ActiveCfg = Debug|Win32
		{49F2ADC4-74D8-4038-912E-3EAD130777AA}.Debug|x86.Build.0 = Debug|Win32
		{49F2ADC4-74D8-4038-912E-3EAD130777AA}.Release|x64.ActiveCfg = Release|x64
		{49F2ADC4-74D8-4038-912E-3EAD130777AA}.Release|x64.Build.0 = Release|x64
		{49F2ADC4-74D8-4038-912E-3EAD130777AA}.Release|x86.ActiveCfg = Release|Win32
		{49F2ADC4-74D8-4038-912E-3EAD130777AA}.Release|x86.Build.0 = Release|Win32
		{C0AEA327-064D-47FB-A982-DFFA24BB021B}.Debug|x64.ActiveCfg = Debug|x64
		{C0AEA327-064D-47FB-A982-DFFA24BB021B}.Debug|x64.Build.0 = Debug|x64
		{C0AEA327-064D-47FB-A982-DFFA24BB021B}.Debug|x86.ActiveCfg = Debug|Win32
		{C0AEA327-064D-47FB-A982-DFFA24BB021B}.Debug|x86.Build.0 = Debug|Win32
		{C0AEA327-064D-47FB-A982-DFFA24BB021B}.Release|x64.ActiveCfg = Release|x64
		{C0AEA327-064D-47FB-A982-DFFA24BB021B}.Release|x64.Build.0 = Release|x64
		{C0AEA327-064D-47FB-A982-DFFA24BB021B}.Release|x86.ActiveCfg = Release|Win32
		{C0AEA327-064D-47FB-A982-DFFA24BB021B}.Release|x86.Build.0 = Release|Win32
		{7C7E2263-BB90-4B40-AFB8-8E97340874E2}.Debug|x64.ActiveCfg = Debug|x64
		{7C7E2263-BB90-4B40-AFB8-8E97340874E2}.Debug|x64.Build.0 = Debug|x64
		{7C7E2263-BB90-4B40-AFB8-8E97340874E2}.Debug|x86.ActiveCfg = Debug|Win32
		{7C7E2263-BB90-4B40-AFB8-8E97340874E2}.Debug|x86.Build.0 = Debug|Win32
		{7C7E2263-BB90-4B40-AFB8-8E97340874E2}.Release|x64.ActiveCfg = Release|x64
		{7C7E2263-BB90-4B40-AFB8-8E97340874E2}.Release|x64.Build.0 = Release|x64
		{7C7E2263-BB90-4B40-AFB8-8E97340874E2}.Release|x86.ActiveCfg = Release|Win32
		{7C7E2263-BB90-4B40-AFB8-8E97340874E2}.Release|x86.Build.0 = Release|Win32
		{66CD5CB9-6C4E-4465-8CC1-2C0523DCDE65}.Debug|x64.ActiveCfg = Debug|x64
		{66CD5CB9-6C4E-4465-8CC1-2C0523DCDE65}.Debug|x64.Build.0 = Debug|x64
		{66CD5CB9-6C4E-4465-8CC1-2C0523DCDE65}.Debug|x86.ActiveCfg = Debug|Win32
		{66CD5CB9-6C4E-4465-8CC1-2C0523DCDE65}.Debug|x86.Build.0 = Debug|Win32
		{66CD5CB9-6C4E-4465-8CC1-2C0523DCDE65}.Release|x64.ActiveCfg = Release|x64
		{66CD5CB9-6C4E-4465-8CC1-2C0523DCDE65}.Release|x64.Build.0 = Release|x64
		{66CD5CB9-6C4E-4465-8CC1-2C0523DCDE65}.Release|x86.ActiveCfg = Release|Win32
		{66CD5CB9-6C4E-4465-8CC1-2C0523DCDE65}.Release|x86.Build.0 = Release|Win32
		{8553D1E9-3DA8-490A-AFE8-3D05037B86A2}.Debug|x64.ActiveCfg = Debug|x64
		{8553D1E9-3DA8-490A-AFE8-3D05037B86A2}.Debug|x64.Build.0 = Debug|x64
		{8553D1E9-3DA8-490A-AFE8-3D05037B86A2}.Debug|x86.ActiveCfg = Debug|Win32
		{8553D1E9-3DA8-490A-AFE8-3D05037B86A2}.Debug|x86.Build.0 = Debug|Win32
		{8553D1E9-3DA8-490A-AFE8-3D05037B86A2}.Release|x64.ActiveCfg = Release|x64
		{8553D1E9-3DA8-490A-AFE8-3D05037B86A2}.Release|x64.Build.0 = Release|x64
		{8553D1E9-3DA8-490A-AFE8-3D05037B86A2}.Release|x86.ActiveCfg = Release|Win32
		{8553D1E9-3DA8-490A-AFE8-3D05037B86A2}.Release|x86.Build.0 = Release|Win32
		{A82B8156-A8CB-485C-B753-8EABA736F784}.Debug|x64.ActiveCfg = Debug|x64
		{A82B8156-A8CB-485C-B753-8EABA736F784}.Debug|x64.Build.0 = Debug|x64
		{A82B8156-A8CB-485C-B753-8EABA736F784}.Debug|x86.ActiveCfg = Debug|Win32
		{A82B8156-A8CB-485C-B753-8EABA736F784}.Debug|x86.Build.0 = Debug|Win32
		{A82B8156-A8CB-485C-B753-8EABA736F784}.Release|x64.ActiveCfg = Release|x64
		{A82B8156-A8CB-485C-B753-8EABA736F784}.Release|x64.Build.0 = Release|x64
		{A82B8156-A8CB-485C-B753-8EABA736F784}.Release|x86.ActiveCfg = Release|Win32
		{A82B8156-A8CB-485C-B753-8EABA736F784}.Release|x86.Build.0 = Release|Win32
	EndGlobalSection
	GlobalSection(SolutionProperties) = preSolution
		HideSolutionNode = FALSE
	EndGlobalSection
	GlobalSection(ExtensibilityGlobals) = postSolution
		SolutionGuid = {1A313E9B-3A4C-4F98-982F-A92BFF773910}
	EndGlobalSection
EndGlobal
